{
  "name": "projects",
  "lockfileVersion": 3,
  "requires": true,
  "packages": {
    "": {
      "dependencies": {
        "@popperjs/core": "^2.11.8",
        "extra": "^0.2.1",
        "leaflet-easybutton": "^2.4.0",
        "leaflet-extra-markers": "^1.2.2",
        "leaflet.markercluster": "^1.5.3",
        "marker": "^0.1.2",
        "markers": "^0.14.6"
      }
    },
    "node_modules/@popperjs/core": {
      "version": "2.11.8",
      "resolved": "https://registry.npmjs.org/@popperjs/core/-/core-2.11.8.tgz",
      "integrity": "sha512-P1st0aksCrn9sGZhp8GMYwBnQsbvAWsZAX44oXNNvLHGqAOcoVxmjZiohstwQ7SqKnbR47akdNi+uleWD8+g6A==",
      "funding": {
        "type": "opencollective",
        "url": "https://opencollective.com/popperjs"
      }
    },
    "node_modules/commander": {
      "version": "11.1.0",
      "resolved": "https://registry.npmjs.org/commander/-/commander-11.1.0.tgz",
      "integrity": "sha512-yPVavfyCcRhmorC7rWlkHn15b4wDVgVmBA7kV4QVBsF7kv/9TKJAbAXVTxvTnwP8HHKjRCJDClKbciiYS7p0DQ==",
      "engines": {
        "node": ">=16"
      }
    },
    "node_modules/extra": {
      "version": "0.2.1",
      "resolved": "https://registry.npmjs.org/extra/-/extra-0.2.1.tgz",
      "integrity": "sha512-PWEUSjpFNAFk6W3wAcyPR8SW48wKGvtZUz/OP4eUZUbrFPakU4YYRUKTxMAKZDndlnAjBUuLV1L67IpmlkJbBg=="
    },
    "node_modules/leaflet": {
      "version": "1.9.4",
      "resolved": "https://registry.npmjs.org/leaflet/-/leaflet-1.9.4.tgz",
      "integrity": "sha512-nxS1ynzJOmOlHp+iL3FyWqK89GtNL8U8rvlMOsQdTTssxZwCXh8N2NB3GDQOL+YR3XnWyZAxwQixURb+FA74PA=="
    },
    "node_modules/leaflet-easybutton": {
      "version": "2.4.0",
      "resolved": "https://registry.npmjs.org/leaflet-easybutton/-/leaflet-easybutton-2.4.0.tgz",
      "integrity": "sha512-O+qsQq4zTF6ds8VClnytobTH/MKalctlPpiA8L+bNKHP14J3lgJpvEd/jSpq9mHTI6qOzRAvbQX6wS6qNwThvg==",
      "dependencies": {
        "leaflet": "^1.0.1"
      }
    },
    "node_modules/leaflet-extra-markers": {
      "version": "1.2.2",
      "resolved": "https://registry.npmjs.org/leaflet-extra-markers/-/leaflet-extra-markers-1.2.2.tgz",
      "integrity": "sha512-LQUicXhyOwq0wOFtEftJg9IzAGcQI+6mHgh3wsVntrid149BTqsEgh1UcxPPtzcL7xt8jXY0rssfz7DUZuQudg==",
      "peerDependencies": {
        "leaflet": ">= 0.5 < 2"
      }
    },
    "node_modules/leaflet.markercluster": {
      "version": "1.5.3",
      "resolved": "https://registry.npmjs.org/leaflet.markercluster/-/leaflet.markercluster-1.5.3.tgz",
      "integrity": "sha512-vPTw/Bndq7eQHjLBVlWpnGeLa3t+3zGiuM7fJwCkiMFq+nmRuG3RI3f7f4N4TDX7T4NpbAXpR2+NTRSEGfCSeA==",
      "peerDependencies": {
        "leaflet": "^1.3.1"
      }
    },
    "node_modules/marked": {
      "version": "11.1.0",
      "resolved": "https://registry.npmjs.org/marked/-/marked-11.1.0.tgz",
      "integrity": "sha512-fvKJWAPEafVj1dwGwcPI5mBB/0pvViL6NlCbNDG1HOIRwwAU/jeMoFxfbRLuirO1wRH7m4yPvBqD/O1wyWvayw==",
      "bin": {
        "marked": "bin/marked.js"
      },
      "engines": {
        "node": ">= 18"
      }
    },
    "node_modules/marker": {
      "version": "0.1.2",
      "resolved": "https://registry.npmjs.org/marker/-/marker-0.1.2.tgz",
      "integrity": "sha512-vPXv9q21T4ebSqBKQdNXo3NGgrbGxwI15Vx2FU2npPn9EJMvWpIdmKBWrPRtg0OcoismQq0wGsrCUMXx4e71eg==",
      "dependencies": {
        "commander": ">= 0.6.0",
        "marked": ">= 0.2.4-1"
      },
      "bin": {
        "marker": "bin/marker"
      },
      "engines": {
        "node": "*"
      }
    },
    "node_modules/markers": {
      "version": "0.14.6",
      "resolved": "https://registry.npmjs.org/markers/-/markers-0.14.6.tgz",
      "integrity": "sha512-CSG1DP9mnnTecObgNVFC3vjK0s0ZcHpY6anHlKpqBKHNc7PwdmX6W2O52+hCCcU03H16hwVhNOUjdfREInjdDw=="
    }
  }
}
